
Microsoft Visual Studio Solution File, Format Version 12.00
# Visual Studio 15
VisualStudioVersion = 15.0.28010.2046
MinimumVisualStudioVersion = 10.0.40219.1
Project("{FAE04EC0-301F-11D3-BF4B-00C04F79EFBC}") = "UserInterface", "UserInterface\UserInterface.csproj", "{95F0706F-81BF-4F28-9D7A-7E501CCA545F}"
EndProject
Project("{FAE04EC0-301F-11D3-BF4B-00C04F79EFBC}") = "Interfaces", "Interfaces\Interfaces.csproj", "{81E4DFDE-3A49-49C0-938C-AD364856939C}"
EndProject
Project("{FAE04EC0-301F-11D3-BF4B-00C04F79EFBC}") = "FileEnv", "FileEnv\FileEnv.csproj", "{FCEC6219-FD4C-4D1E-AB4F-12F2B6969CB6}"
EndProject
Project("{FAE04EC0-301F-11D3-BF4B-00C04F79EFBC}") = "PlayerEnv", "PlayerEnv\PlayerEnv.csproj", "{465E2EF4-D022-4733-89E3-8E7529A1797B}"
EndProject
Project("{FAE04EC0-301F-11D3-BF4B-00C04F79EFBC}") = "PlaylistEnv", "PlaylistEnv\PlaylistEnv.csproj", "{38EEC4F8-D560-4605-B234-0846076FC0AD}"
EndProject
Project("{FAE04EC0-301F-11D3-BF4B-00C04F79EFBC}") = "MediaLibraryEnv", "MediaLibraryEnv\MediaLibraryEnv.csproj", "{257B883C-D359-4968-9A17-032BB7815DFA}"
EndProject
Global
	GlobalSection(SolutionConfigurationPlatforms) = preSolution
		Debug|Any CPU = Debug|Any CPU
		Release|Any CPU = Release|Any CPU
	EndGlobalSection
	GlobalSection(ProjectConfigurationPlatforms) = postSolution
		{95F0706F-81BF-4F28-9D7A-7E501CCA545F}.Debug|Any CPU.ActiveCfg = Debug|Any CPU
		{95F0706F-81BF-4F28-9D7A-7E501CCA545F}.Debug|Any CPU.Build.0 = Debug|Any CPU
		{95F0706F-81BF-4F28-9D7A-7E501CCA545F}.Release|Any CPU.ActiveCfg = Release|Any CPU
		{95F0706F-81BF-4F28-9D7A-7E501CCA545F}.Release|Any CPU.Build.0 = Release|Any CPU
		{81E4DFDE-3A49-49C0-938C-AD364856939C}.Debug|Any CPU.ActiveCfg = Debug|Any CPU
		{81E4DFDE-3A49-49C0-938C-AD364856939C}.Debug|Any CPU.Build.0 = Debug|Any CPU
		{81E4DFDE-3A49-49C0-938C-AD364856939C}.Release|Any CPU.ActiveCfg = Release|Any CPU
		{81E4DFDE-3A49-49C0-938C-AD364856939C}.Release|Any CPU.Build.0 = Release|Any CPU
		{FCEC6219-FD4C-4D1E-AB4F-12F2B6969CB6}.Debug|Any CPU.ActiveCfg = Debug|Any CPU
		{FCEC6219-FD4C-4D1E-AB4F-12F2B6969CB6}.Debug|Any CPU.Build.0 = Debug|Any CPU
		{FCEC6219-FD4C-4D1E-AB4F-12F2B6969CB6}.Release|Any CPU.ActiveCfg = Release|Any CPU
		{FCEC6219-FD4C-4D1E-AB4F-12F2B6969CB6}.Release|Any CPU.Build.0 = Release|Any CPU
		{465E2EF4-D022-4733-89E3-8E7529A1797B}.Debug|Any CPU.ActiveCfg = Debug|Any CPU
		{465E2EF4-D022-4733-89E3-8E7529A1797B}.Debug|Any CPU.Build.0 = Debug|Any CPU
		{465E2EF4-D022-4733-89E3-8E7529A1797B}.Release|Any CPU.ActiveCfg = Release|Any CPU
		{465E2EF4-D022-4733-89E3-8E7529A1797B}.Release|Any CPU.Build.0 = Release|Any CPU
		{38EEC4F8-D560-4605-B234-0846076FC0AD}.Debug|Any CPU.ActiveCfg = Debug|Any CPU
		{38EEC4F8-D560-4605-B234-0846076FC0AD}.Debug|Any CPU.Build.0 = Debug|Any CPU
		{38EEC4F8-D560-4605-B234-0846076FC0AD}.Release|Any CPU.ActiveCfg = Release|Any CPU
		{38EEC4F8-D560-4605-B234-0846076FC0AD}.Release|Any CPU.Build.0 = Release|Any CPU
		{257B883C-D359-4968-9A17-032BB7815DFA}.Debug|Any CPU.ActiveCfg = Debug|Any CPU
		{257B883C-D359-4968-9A17-032BB7815DFA}.Debug|Any CPU.Build.0 = Debug|Any CPU
		{257B883C-D359-4968-9A17-032BB7815DFA}.Release|Any CPU.ActiveCfg = Release|Any CPU
		{257B883C-D359-4968-9A17-032BB7815DFA}.Release|Any CPU.Build.0 = Release|Any CPU
	EndGlobalSection
	GlobalSection(SolutionProperties) = preSolution
		HideSolutionNode = FALSE
	EndGlobalSection
	GlobalSection(ExtensibilityGlobals) = postSolution
		SolutionGuid = {43DCD164-129F-4792-85CF-839F83A86810}
	EndGlobalSection
EndGlobal
